
Microsoft Visual Studio Solution File, Format Version 12.00
# Visual Studio Version 17
VisualStudioVersion = 17.1.32210.238
MinimumVisualStudioVersion = 10.0.40219.1
Project("{9A19103F-16F7-4668-BE54-9A1E7A4F7556}") = "BioCore", "BioCore\BioCore.csproj", "{9A5177C9-401B-44C3-8F2E-D4327A25DDCC}"
EndProject
Project("{54435603-DBB4-11D2-8724-00A0C9A8B90C}") = "BioCoreSetup", "..\BioCoreSetup\BioCoreSetup\BioCoreSetup.vdproj", "{E40264E9-80D8-44CE-A634-F94EB21FE920}"
EndProject
Project("{FAE04EC0-301F-11D3-BF4B-00C04F79EFBC}") = "BioCoreApp", "..\BioCoreApp\BioCoreApp\BioCoreApp.csproj", "{633C711A-2C74-4DEE-9DA1-E2E2D7132E1B}"
EndProject
Global
	GlobalSection(SolutionConfigurationPlatforms) = preSolution
		Debug|Any CPU = Debug|Any CPU
		Debug|x64 = Debug|x64
		Debug|x86 = Debug|x86
		Release|Any CPU = Release|Any CPU
		Release|x64 = Release|x64
		Release|x86 = Release|x86
	EndGlobalSection
	GlobalSection(ProjectConfigurationPlatforms) = postSolution
		{9A5177C9-401B-44C3-8F2E-D4327A25DDCC}.Debug|Any CPU.ActiveCfg = Debug|x64
		{9A5177C9-401B-44C3-8F2E-D4327A25DDCC}.Debug|Any CPU.Build.0 = Debug|x64
		{9A5177C9-401B-44C3-8F2E-D4327A25DDCC}.Debug|x64.ActiveCfg = Debug|x64
		{9A5177C9-401B-44C3-8F2E-D4327A25DDCC}.Debug|x64.Build.0 = Debug|x64
		{9A5177C9-401B-44C3-8F2E-D4327A25DDCC}.Debug|x86.ActiveCfg = Debug|x86
		{9A5177C9-401B-44C3-8F2E-D4327A25DDCC}.Debug|x86.Build.0 = Debug|x86
		{9A5177C9-401B-44C3-8F2E-D4327A25DDCC}.Release|Any CPU.ActiveCfg = Release|Any CPU
		{9A5177C9-401B-44C3-8F2E-D4327A25DDCC}.Release|Any CPU.Build.0 = Release|Any CPU
		{9A5177C9-401B-44C3-8F2E-D4327A25DDCC}.Release|x64.ActiveCfg = Release|x64
		{9A5177C9-401B-44C3-8F2E-D4327A25DDCC}.Release|x64.Build.0 = Release|x64
		{9A5177C9-401B-44C3-8F2E-D4327A25DDCC}.Release|x86.ActiveCfg = Release|x86
		{9A5177C9-401B-44C3-8F2E-D4327A25DDCC}.Release|x86.Build.0 = Release|x86
		{E40264E9-80D8-44CE-A634-F94EB21FE920}.Debug|Any CPU.ActiveCfg = Debug
		{E40264E9-80D8-44CE-A634-F94EB21FE920}.Debug|Any CPU.Build.0 = Debug
		{E40264E9-80D8-44CE-A634-F94EB21FE920}.Debug|x64.ActiveCfg = Debug
		{E40264E9-80D8-44CE-A634-F94EB21FE920}.Debug|x64.Build.0 = Debug
		{E40264E9-80D8-44CE-A634-F94EB21FE920}.Debug|x86.ActiveCfg = Debug
		{E40264E9-80D8-44CE-A634-F94EB21FE920}.Debug|x86.Build.0 = Debug
		{E40264E9-80D8-44CE-A634-F94EB21FE920}.Release|Any CPU.ActiveCfg = Release
		{E40264E9-80D8-44CE-A634-F94EB21FE920}.Release|x64.ActiveCfg = Release
		{E40264E9-80D8-44CE-A634-F94EB21FE920}.Release|x64.Build.0 = Release
		{E40264E9-80D8-44CE-A634-F94EB21FE920}.Release|x86.ActiveCfg = Release
		{E40264E9-80D8-44CE-A634-F94EB21FE920}.Release|x86.Build.0 = Release
		{633C711A-2C74-4DEE-9DA1-E2E2D7132E1B}.Debug|Any CPU.ActiveCfg = Debug|Any CPU
		{633C711A-2C74-4DEE-9DA1-E2E2D7132E1B}.Debug|Any CPU.Build.0 = Debug|Any CPU
		{633C711A-2C74-4DEE-9DA1-E2E2D7132E1B}.Debug|x64.ActiveCfg = Debug|Any CPU
		{633C711A-2C74-4DEE-9DA1-E2E2D7132E1B}.Debug|x64.Build.0 = Debug|Any CPU
		{633C711A-2C74-4DEE-9DA1-E2E2D7132E1B}.Debug|x86.ActiveCfg = Debug|Any CPU
		{633C711A-2C74-4DEE-9DA1-E2E2D7132E1B}.Debug|x86.Build.0 = Debug|Any CPU
		{633C711A-2C74-4DEE-9DA1-E2E2D7132E1B}.Release|Any CPU.ActiveCfg = Release|Any CPU
		{633C711A-2C74-4DEE-9DA1-E2E2D7132E1B}.Release|Any CPU.Build.0 = Release|Any CPU
		{633C711A-2C74-4DEE-9DA1-E2E2D7132E1B}.Release|x64.ActiveCfg = Release|Any CPU
		{633C711A-2C74-4DEE-9DA1-E2E2D7132E1B}.Release|x64.Build.0 = Release|Any CPU
		{633C711A-2C74-4DEE-9DA1-E2E2D7132E1B}.Release|x86.ActiveCfg = Release|Any CPU
		{633C711A-2C74-4DEE-9DA1-E2E2D7132E1B}.Release|x86.Build.0 = Release|Any CPU
	EndGlobalSection
	GlobalSection(SolutionProperties) = preSolution
		HideSolutionNode = FALSE
	EndGlobalSection
	GlobalSection(ExtensibilityGlobals) = postSolution
		SolutionGuid = {B5F27298-22F1-4F09-A410-D8C87C69DD20}
	EndGlobalSection
EndGlobal
